
Microsoft Visual Studio Solution File, Format Version 12.00
# Visual Studio 15
Project("{FAE04EC0-301F-11D3-BF4B-00C04F79EFBC}") = "VuforiaScripts", "VuforiaScripts.csproj", "{6FE59F67-4DF8-5716-3188-C5AB4EBAC573}"
EndProject
Project("{FAE04EC0-301F-11D3-BF4B-00C04F79EFBC}") = "Assembly-CSharp", "Assembly-CSharp.csproj", "{99128894-01D7-3B91-81A7-05EDFDD6E8E6}"
EndProject
Project("{FAE04EC0-301F-11D3-BF4B-00C04F79EFBC}") = "VuforiaEditorScripts", "VuforiaEditorScripts.csproj", "{39DC167F-A063-4472-B2DA-B61867370FA7}"
EndProject
Global
	GlobalSection(SolutionConfigurationPlatforms) = preSolution
		Debug|Any CPU = Debug|Any CPU
		Release|Any CPU = Release|Any CPU
	EndGlobalSection
	GlobalSection(ProjectConfigurationPlatforms) = postSolution
		{6FE59F67-4DF8-5716-3188-C5AB4EBAC573}.Debug|Any CPU.ActiveCfg = Debug|Any CPU
		{6FE59F67-4DF8-5716-3188-C5AB4EBAC573}.Debug|Any CPU.Build.0 = Debug|Any CPU
		{6FE59F67-4DF8-5716-3188-C5AB4EBAC573}.Release|Any CPU.ActiveCfg = Release|Any CPU
		{6FE59F67-4DF8-5716-3188-C5AB4EBAC573}.Release|Any CPU.Build.0 = Release|Any CPU
		{99128894-01D7-3B91-81A7-05EDFDD6E8E6}.Debug|Any CPU.ActiveCfg = Debug|Any CPU
		{99128894-01D7-3B91-81A7-05EDFDD6E8E6}.Debug|Any CPU.Build.0 = Debug|Any CPU
		{99128894-01D7-3B91-81A7-05EDFDD6E8E6}.Release|Any CPU.ActiveCfg = Release|Any CPU
		{99128894-01D7-3B91-81A7-05EDFDD6E8E6}.Release|Any CPU.Build.0 = Release|Any CPU
		{39DC167F-A063-4472-B2DA-B61867370FA7}.Debug|Any CPU.ActiveCfg = Debug|Any CPU
		{39DC167F-A063-4472-B2DA-B61867370FA7}.Debug|Any CPU.Build.0 = Debug|Any CPU
		{39DC167F-A063-4472-B2DA-B61867370FA7}.Release|Any CPU.ActiveCfg = Release|Any CPU
		{39DC167F-A063-4472-B2DA-B61867370FA7}.Release|Any CPU.Build.0 = Release|Any CPU
	EndGlobalSection
	GlobalSection(SolutionProperties) = preSolution
		HideSolutionNode = FALSE
	EndGlobalSection
EndGlobal
